// !$*UTF8*$!
{
	archiveVersion = 1;
	classes = {
	};
	objectVersion = 50;
	objects = {

/* Begin PBXBuildFile section */
		E72CC1D9235FD371008786D3 /* AppDelegate.swift in Sources */ = {isa = PBXBuildFile; fileRef = E72CC1D8235FD371008786D3 /* AppDelegate.swift */; };
		E72CC1DB235FD371008786D3 /* SceneDelegate.swift in Sources */ = {isa = PBXBuildFile; fileRef = E72CC1DA235FD371008786D3 /* SceneDelegate.swift */; };
		E72CC1DD235FD371008786D3 /* ContentView.swift in Sources */ = {isa = PBXBuildFile; fileRef = E72CC1DC235FD371008786D3 /* ContentView.swift */; };
		E72CC1DF235FD374008786D3 /* Assets.xcassets in Resources */ = {isa = PBXBuildFile; fileRef = E72CC1DE235FD374008786D3 /* Assets.xcassets */; };
		E72CC1E2235FD374008786D3 /* Preview Assets.xcassets in Resources */ = {isa = PBXBuildFile; fileRef = E72CC1E1235FD374008786D3 /* Preview Assets.xcassets */; };
		E72CC1E5235FD374008786D3 /* LaunchScreen.storyboard in Resources */ = {isa = PBXBuildFile; fileRef = E72CC1E3235FD374008786D3 /* LaunchScreen.storyboard */; };
		E72CC1ED235FD3A6008786D3 /* GPSLocation.gpx in Resources */ = {isa = PBXBuildFile; fileRef = E72CC1EC235FD3A6008786D3 /* GPSLocation.gpx */; };
/* End PBXBuildFile section */

/* Begin PBXFileReference section */
		E72CC1D5235FD371008786D3 /* GPSFuelApp.app */ = {isa = PBXFileReference; explicitFileType = wrapper.application; includeInIndex = 0; path = GPSFuelApp.app; sourceTree = BUILT_PRODUCTS_DIR; };
		E72CC1D8235FD371008786D3 /* AppDelegate.swift */ = {isa = PBXFileReference; lastKnownFileType = sourcecode.swift; path = AppDelegate.swift; sourceTree = "<group>"; };
		E72CC1DA235FD371008786D3 /* SceneDelegate.swift */ = {isa = PBXFileReference; lastKnownFileType = sourcecode.swift; path = SceneDelegate.swift; sourceTree = "<group>"; };
		E72CC1DC235FD371008786D3 /* ContentView.swift */ = {isa = PBXFileReference; lastKnownFileType = sourcecode.swift; path = ContentView.swift; sourceTree = "<group>"; };
		E72CC1DE235FD374008786D3 /* Assets.xcassets */ = {isa = PBXFileReference; lastKnownFileType = folder.assetcatalog; path = Assets.xcassets; sourceTree = "<group>"; };
		E72CC1E1235FD374008786D3 /* Preview Assets.xcassets */ = {isa = PBXFileReference; lastKnownFileType = folder.assetcatalog; path = "Preview Assets.xcassets"; sourceTree = "<group>"; };
		E72CC1E4235FD374008786D3 /* Base */ = {isa = PBXFileReference; lastKnownFileType = file.storyboard; name = Base; path = Base.lproj/LaunchScreen.storyboard; sourceTree = "<group>"; };
		E72CC1E6235FD374008786D3 /* Info.plist */ = {isa = PBXFileReference; lastKnownFileType = text.plist.xml; path = Info.plist; sourceTree = "<group>"; };
		E72CC1EC235FD3A6008786D3 /* GPSLocation.gpx */ = {isa = PBXFileReference; lastKnownFileType = text.xml; name = GPSLocation.gpx; path = GPSFuelApp/GPSLocation.gpx; sourceTree = "<group>"; };
/* End PBXFileReference section */

/* Begin PBXFrameworksBuildPhase section */
		E72CC1D2235FD371008786D3 /* Frameworks */ = {
			isa = PBXFrameworksBuildPhase;
			buildActionMask = 2147483647;
			files = (
			);
			runOnlyForDeploymentPostprocessing = 0;
		};
/* End PBXFrameworksBuildPhase section */

/* Begin PBXGroup section */
		E72CC1CC235FD371008786D3 = {
			isa = PBXGroup;
			children = (
				E72CC1EC235FD3A6008786D3 /* GPSLocation.gpx */,
				E72CC1D7235FD371008786D3 /* GPSFuelApp */,
				E72CC1D6235FD371008786D3 /* Products */,
			);
			sourceTree = "<group>";
		};
		E72CC1D6235FD371008786D3 /* Products */ = {
			isa = PBXGroup;
			children = (
				E72CC1D5235FD371008786D3 /* GPSFuelApp.app */,
			);
			name = Products;
			sourceTree = "<group>";
		};
		E72CC1D7235FD371008786D3 /* GPSFuelApp */ = {
			isa = PBXGroup;
			children = (
				E72CC1D8235FD371008786D3 /* AppDelegate.swift */,
				E72CC1DA235FD371008786D3 /* SceneDelegate.swift */,
				E72CC1DC235FD371008786D3 /* ContentView.swift */,
				E72CC1DE235FD374008786D3 /* Assets.xcassets */,
				E72CC1E3235FD374008786D3 /* LaunchScreen.storyboard */,
				E72CC1E6235FD374008786D3 /* Info.plist */,
				E72CC1E0235FD374008786D3 /* Preview Content */,
			);
			path = GPSFuelApp;
			sourceTree = "<group>";
		};
		E72CC1E0235FD374008786D3 /* Preview Content */ = {
			isa = PBXGroup;
			children = (
				E72CC1E1235FD374008786D3 /* Preview Assets.xcassets */,
			);
			path = "Preview Content";
			sourceTree = "<group>";
		};
/* End PBXGroup section */

/* Begin PBXNativeTarget section */
		E72CC1D4235FD371008786D3 /* GPSFuelApp */ = {
			isa = PBXNativeTarget;
			buildConfigurationList = E72CC1E9235FD374008786D3 /* Build configuration list for PBXNativeTarget "GPSFuelApp" */;
			buildPhases = (
				E72CC1D1235FD371008786D3 /* Sources */,
				E72CC1D2235FD371008786D3 /* Frameworks */,
				E72CC1D3235FD371008786D3 /* Resources */,
			);
			buildRules = (
			);
			dependencies = (
			);
			name = GPSFuelApp;
			productName = GPSFuelApp;
			productReference = E72CC1D5235FD371008786D3 /* GPSFuelApp.app */;
			productType = "com.apple.product-type.application";
		};
/* End PBXNativeTarget section */

/* Begin PBXProject section */
		E72CC1CD235FD371008786D3 /* Project object */ = {
			isa = PBXProject;
			attributes = {
				LastSwiftUpdateCheck = 1100;
				LastUpgradeCheck = 1100;
				ORGANIZATIONNAME = Vitor;
				TargetAttributes = {
					E72CC1D4235FD371008786D3 = {
						CreatedOnToolsVersion = 11.0;
					};
				};
			};
			buildConfigurationList = E72CC1D0235FD371008786D3 /* Build configuration list for PBXProject "GPSFuelApp" */;
			compatibilityVersion = "Xcode 9.3";
			developmentRegion = en;
			hasScannedForEncodings = 0;
			knownRegions = (
				en,
				Base,
			);
			mainGroup = E72CC1CC235FD371008786D3;
			productRefGroup = E72CC1D6235FD371008786D3 /* Products */;
			projectDirPath = "";
			projectRoot = "";
			targets = (
				E72CC1D4235FD371008786D3 /* GPSFuelApp */,
			);
		};
/* End PBXProject section */

/* Begin PBXResourcesBuildPhase section */
		E72CC1D3235FD371008786D3 /* Resources */ = {
			isa = PBXResourcesBuildPhase;
			buildActionMask = 2147483647;
			files = (
				E72CC1E5235FD374008786D3 /* LaunchScreen.storyboard in Resources */,
				E72CC1E2235FD374008786D3 /* Preview Assets.xcassets in Resources */,
				E72CC1DF235FD374008786D3 /* Assets.xcassets in Resources */,
				E72CC1ED235FD3A6008786D3 /* GPSLocation.gpx in Resources */,
			);
			runOnlyForDeploymentPostprocessing = 0;
		};
/* End PBXResourcesBuildPhase section */

/* Begin PBXSourcesBuildPhase section */
		E72CC1D1235FD371008786D3 /* Sources */ = {
			isa = PBXSourcesBuildPhase;
			buildActionMask = 2147483647;
			files = (
				E72CC1D9235FD371008786D3 /* AppDelegate.swift in Sources */,
				E72CC1DB235FD371008786D3 /* SceneDelegate.swift in Sources */,
				E72CC1DD235FD371008786D3 /* ContentView.swift in Sources */,
			);
			runOnlyForDeploymentPostprocessing = 0;
		};
/* End PBXSourcesBuildPhase section */

/* Begin PBXVariantGroup section */
		E72CC1E3235FD374008786D3 /* LaunchScreen.storyboard */ = {
			isa = PBXVariantGroup;
			children = (
				E72CC1E4235FD374008786D3 /* Base */,
			);
			name = LaunchScreen.storyboard;
			sourceTree = "<group>";
		};
/* End PBXVariantGroup section */

/* Begin XCBuildConfiguration section */
		E72CC1E7235FD374008786D3 /* Debug */ = {
			isa = XCBuildConfiguration;
			buildSettings = {
				ALWAYS_SEARCH_USER_PATHS = NO;
				CLANG_ANALYZER_NONNULL = YES;
				CLANG_ANALYZER_NUMBER_OBJECT_CONVERSION = YES_AGGRESSIVE;
				CLANG_CXX_LANGUAGE_STANDARD = "gnu++14";
				CLANG_CXX_LIBRARY = "libc++";
				CLANG_ENABLE_MODULES = YES;
				CLANG_ENABLE_OBJC_ARC = YES;
				CLANG_ENABLE_OBJC_WEAK = YES;
				CLANG_WARN_BLOCK_CAPTURE_AUTORELEASING = YES;
				CLANG_WARN_BOOL_CONVERSION = YES;
				CLANG_WARN_COMMA = YES;
				CLANG_WARN_CONSTANT_CONVERSION = YES;
				CLANG_WARN_DEPRECATED_OBJC_IMPLEMENTATIONS = YES;
				CLANG_WARN_DIRECT_OBJC_ISA_USAGE = YES_ERROR;
				CLANG_WARN_DOCUMENTATION_COMMENTS = YES;
				CLANG_WARN_EMPTY_BODY = YES;
				CLANG_WARN_ENUM_CONVERSION = YES;
				CLANG_WARN_INFINITE_RECURSION = YES;
				CLANG_WARN_INT_CONVERSION = YES;
				CLANG_WARN_NON_LITERAL_NULL_CONVERSION = YES;
				CLANG_WARN_OBJC_IMPLICIT_RETAIN_SELF = YES;
				CLANG_WARN_OBJC_LITERAL_CONVERSION = YES;
				CLANG_WARN_OBJC_ROOT_CLASS = YES_ERROR;
				CLANG_WARN_RANGE_LOOP_ANALYSIS = YES;
				CLANG_WARN_STRICT_PROTOTYPES = YES;
				CLANG_WARN_SUSPICIOUS_MOVE = YES;
				CLANG_WARN_UNGUARDED_AVAILABILITY = YES_AGGRESSIVE;
				CLANG_WARN_UNREACHABLE_CODE = YES;
				CLANG_WARN__DUPLICATE_METHOD_MATCH = YES;
				COPY_PHASE_STRIP = NO;
				DEBUG_INFORMATION_FORMAT = dwarf;
				ENABLE_STRICT_OBJC_MSGSEND = YES;
				ENABLE_TESTABILITY = YES;
				GCC_C_LANGUAGE_STANDARD = gnu11;
				GCC_DYNAMIC_NO_PIC = NO;
				GCC_NO_COMMON_BLOCKS = YES;
				GCC_OPTIMIZATION_LEVEL = 0;
				GCC_PREPROCESSOR_DEFINITIONS = (
					"DEBUG=1",
					"$(inherited)",
				);
				GCC_WARN_64_TO_32_BIT_CONVERSION = YES;
				GCC_WARN_ABOUT_RETURN_TYPE = YES_ERROR;
				GCC_WARN_UNDECLARED_SELECTOR = YES;
				GCC_WARN_UNINITIALIZED_AUTOS = YES_AGGRESSIVE;
				GCC_WARN_UNUSED_FUNCTION = YES;
				GCC_WARN_UNUSED_VARIABLE = YES;
				IPHONEOS_DEPLOYMENT_TARGET = 13.0;
				MTL_ENABLE_DEBUG_INFO = INCLUDE_SOURCE;
				MTL_FAST_MATH = YES;
				ONLY_ACTIVE_ARCH = YES;
				SDKROOT = iphoneos;
				SWIFT_ACTIVE_COMPILATION_CONDITIONS = DEBUG;
				SWIFT_OPTIMIZATION_LEVEL = "-Onone";
			};
			name = Debug;
		};
		E72CC1E8235FD374008786D3 /* Release */ = {
			isa = XCBuildConfiguration;
			buildSettings = {
				ALWAYS_SEARCH_USER_PATHS = NO;
				CLANG_ANALYZER_NONNULL = YES;
				CLANG_ANALYZER_NUMBER_OBJECT_CONVERSION = YES_AGGRESSIVE;
				CLANG_CXX_LANGUAGE_STANDARD = "gnu++14";
				CLANG_CXX_LIBRARY = "libc++";
				CLANG_ENABLE_MODULES = YES;
				CLANG_ENABLE_OBJC_ARC = YES;
				CLANG_ENABLE_OBJC_WEAK = YES;
				CLANG_WARN_BLOCK_CAPTURE_AUTORELEASING = YES;
				CLANG_WARN_BOOL_CONVERSION = YES;
				CLANG_WARN_COMMA = YES;
				CLANG_WARN_CONSTANT_CONVERSION = YES;
				CLANG_WARN_DEPRECATED_OBJC_IMPLEMENTATIONS = YES;
				CLANG_WARN_DIRECT_OBJC_ISA_USAGE = YES_ERROR;
				CLANG_WARN_DOCUMENTATION_COMMENTS = YES;
				CLANG_WARN_EMPTY_BODY = YES;
				CLANG_WARN_ENUM_CONVERSION = YES;
				CLANG_WARN_INFINITE_RECURSION = YES;
				CLANG_WARN_INT_CONVERSION = YES;
				CLANG_WARN_NON_LITERAL_NULL_CONVERSION = YES;
				CLANG_WARN_OBJC_IMPLICIT_RETAIN_SELF = YES;
				CLANG_WARN_OBJC_LITERAL_CONVERSION = YES;
				CLANG_WARN_OBJC_ROOT_CLASS = YES_ERROR;
				CLANG_WARN_RANGE_LOOP_ANALYSIS = YES;
				CLANG_WARN_STRICT_PROTOTYPES = YES;
				CLANG_WARN_SUSPICIOUS_MOVE = YES;
				CLANG_WARN_UNGUARDED_AVAILABILITY = YES_AGGRESSIVE;
				CLANG_WARN_UNREACHABLE_CODE = YES;
				CLANG_WARN__DUPLICATE_METHOD_MATCH = YES;
				COPY_PHASE_STRIP = NO;
				DEBUG_INFORMATION_FORMAT = "dwarf-with-dsym";
				ENABLE_NS_ASSERTIONS = NO;
				ENABLE_STRICT_OBJC_MSGSEND = YES;
				GCC_C_LANGUAGE_STANDARD = gnu11;
				GCC_NO_COMMON_BLOCKS = YES;
				GCC_WARN_64_TO_32_BIT_CONVERSION = YES;
				GCC_WARN_ABOUT_RETURN_TYPE = YES_ERROR;
				GCC_WARN_UNDECLARED_SELECTOR = YES;
				GCC_WARN_UNINITIALIZED_AUTOS = YES_AGGRESSIVE;
				GCC_WARN_UNUSED_FUNCTION = YES;
				GCC_WARN_UNUSED_VARIABLE = YES;
				IPHONEOS_DEPLOYMENT_TARGET = 13.0;
				MTL_ENABLE_DEBUG_INFO = NO;
				MTL_FAST_MATH = YES;
				SDKROOT = iphoneos;
				SWIFT_COMPILATION_MODE = wholemodule;
				SWIFT_OPTIMIZATION_LEVEL = "-O";
				VALIDATE_PRODUCT = YES;
			};
			name = Release;
		};
		E72CC1EA235FD374008786D3 /* Debug */ = {
			isa = XCBuildConfiguration;
			buildSettings = {
				ASSETCATALOG_COMPILER_APPICON_NAME = AppIcon;
				CODE_SIGN_IDENTITY = "Apple Development";
				CODE_SIGN_STYLE = Automatic;
				DEVELOPMENT_ASSET_PATHS = "\"GPSFuelApp/Preview Content\"";
				DEVELOPMENT_TEAM = DJZ59J2SHB;
				ENABLE_PREVIEWS = YES;
				INFOPLIST_FILE = GPSFuelApp/Info.plist;
				LD_RUNPATH_SEARCH_PATHS = (
					"$(inherited)",
					"@executable_path/Frameworks",
				);
				PRODUCT_BUNDLE_IDENTIFIER = com.ozbargain.GPSFuelApp;
				PRODUCT_NAME = "$(TARGET_NAME)";
				PROVISIONING_PROFILE_SPECIFIER = "";
				SWIFT_VERSION = 5.0;
				TARGETED_DEVICE_FAMILY = "1,2";
			};
			name = Debug;
		};
		E72CC1EB235FD374008786D3 /* Release */ = {
			isa = XCBuildConfiguration;
			buildSettings = {
				ASSETCATALOG_COMPILER_APPICON_NAME = AppIcon;
				CODE_SIGN_IDENTITY = "Apple Development";
				CODE_SIGN_STYLE = Automatic;
				DEVELOPMENT_ASSET_PATHS = "\"GPSFuelApp/Preview Content\"";
				DEVELOPMENT_TEAM = DJZ59J2SHB;
				ENABLE_PREVIEWS = YES;
				INFOPLIST_FILE = GPSFuelApp/Info.plist;
				LD_RUNPATH_SEARCH_PATHS = (
					"$(inherited)",
					"@executable_path/Frameworks",
				);
				PRODUCT_BUNDLE_IDENTIFIER = com.ozbargain.GPSFuelApp;
				PRODUCT_NAME = "$(TARGET_NAME)";
				PROVISIONING_PROFILE_SPECIFIER = "";
				SWIFT_VERSION = 5.0;
				TARGETED_DEVICE_FAMILY = "1,2";
			};
			name = Release;
		};
/* End XCBuildConfiguration section */

/* Begin XCConfigurationList section */
		E72CC1D0235FD371008786D3 /* Build configuration list for PBXProject "GPSFuelApp" */ = {
			isa = XCConfigurationList;
			buildConfigurations = (
				E72CC1E7235FD374008786D3 /* Debug */,
				E72CC1E8235FD374008786D3 /* Release */,
			);
			defaultConfigurationIsVisible = 0;
			defaultConfigurationName = Release;
		};
		E72CC1E9235FD374008786D3 /* Build configuration list for PBXNativeTarget "GPSFuelApp" */ = {
			isa = XCConfigurationList;
			buildConfigurations = (
				E72CC1EA235FD374008786D3 /* Debug */,
				E72CC1EB235FD374008786D3 /* Release */,
			);
			defaultConfigurationIsVisible = 0;
			defaultConfigurationName = Release;
		};
/* End XCConfigurationList section */
	};
	rootObject = E72CC1CD235FD371008786D3 /* Project object */;
}
